<Solution>
  <Project Path="Nueyon.Compose.Application/Nueyon.Compose.Application.csproj" />
  <Project Path="Nueyon.Compose.Application.Tests/Nueyon.Compose.Application.Tests.csproj" />
  <Project Path="Nueyon.Compose.Domain/Nueyon.Compose.Domain.csproj" />
  <Project Path="Nueyon.Compose.Host.Console/Nueyon.Compose.Host.Console.csproj" />
  <Project Path="Nueyon.Compose.Infrastructure/Nueyon.Compose.Infrastructure.csproj" />
</Solution>
